<?xml version="1.0" encoding="utf-8"?>
<Project ToolsVersion="4.0" xmlns="http://schemas.microsoft.com/developer/msbuild/2003">
  <ItemGroup>
    <Filter Include="public\stl">
      <UniqueIdentifier>{E6C359CC-2A3C-43F5-80B1-8C7481EE2927}</UniqueIdentifier>
    </Filter>
    <Filter Include="public">
      <UniqueIdentifier>{34A8F29A-D447-4481-8E1E-83273D9EA275}</UniqueIdentifier>
    </Filter>
    <Filter Include="public\utils">
      <UniqueIdentifier>{B40410E9-AF06-40A5-8E35-F7275F7C6E74}</UniqueIdentifier>
    </Filter>
  </ItemGroup>
  <ItemGroup>
  </ItemGroup>
</Project>